
Microsoft Visual Studio Solution File, Format Version 12.00
# Visual Studio Version 17
VisualStudioVersion = 17.5.2.0
MinimumVisualStudioVersion = 10.0.40219.1
Project("{FAE04EC0-301F-11D3-BF4B-00C04F79EFBC}") = "assembler tasarımı", "assembler tasarımı.csproj", "{16396F25-F593-926C-EDBD-F2CF42C97C65}"
EndProject
Global
	GlobalSection(SolutionConfigurationPlatforms) = preSolution
		Debug|Any CPU = Debug|Any CPU
		Release|Any CPU = Release|Any CPU
	EndGlobalSection
	GlobalSection(ProjectConfigurationPlatforms) = postSolution
		{16396F25-F593-926C-EDBD-F2CF42C97C65}.Debug|Any CPU.ActiveCfg = Debug|Any CPU
		{16396F25-F593-926C-EDBD-F2CF42C97C65}.Debug|Any CPU.Build.0 = Debug|Any CPU
		{16396F25-F593-926C-EDBD-F2CF42C97C65}.Release|Any CPU.ActiveCfg = Release|Any CPU
		{16396F25-F593-926C-EDBD-F2CF42C97C65}.Release|Any CPU.Build.0 = Release|Any CPU
	EndGlobalSection
	GlobalSection(SolutionProperties) = preSolution
		HideSolutionNode = FALSE
	EndGlobalSection
	GlobalSection(ExtensibilityGlobals) = postSolution
		SolutionGuid = {23ECEA31-FE6C-443F-BEA3-AB15DE9A4167}
	EndGlobalSection
EndGlobal
